
Microsoft Visual Studio Solution File, Format Version 12.00
# Visual Studio Version 17
VisualStudioVersion = 17.6.33723.286
MinimumVisualStudioVersion = 10.0.40219.1
Project("{FAE04EC0-301F-11D3-BF4B-00C04F79EFBC}") = "CarGalleryAPI", "CarGalleryAPI\CarGalleryAPI.csproj", "{4ED1818A-7117-45DF-8974-7BB4ABF42735}"
EndProject
Global
	GlobalSection(SolutionConfigurationPlatforms) = preSolution
		Debug|Any CPU = Debug|Any CPU
		Release|Any CPU = Release|Any CPU
	EndGlobalSection
	GlobalSection(ProjectConfigurationPlatforms) = postSolution
		{4ED1818A-7117-45DF-8974-7BB4ABF42735}.Debug|Any CPU.ActiveCfg = Debug|Any CPU
		{4ED1818A-7117-45DF-8974-7BB4ABF42735}.Debug|Any CPU.Build.0 = Debug|Any CPU
		{4ED1818A-7117-45DF-8974-7BB4ABF42735}.Release|Any CPU.ActiveCfg = Release|Any CPU
		{4ED1818A-7117-45DF-8974-7BB4ABF42735}.Release|Any CPU.Build.0 = Release|Any CPU
	EndGlobalSection
	GlobalSection(SolutionProperties) = preSolution
		HideSolutionNode = FALSE
	EndGlobalSection
	GlobalSection(ExtensibilityGlobals) = postSolution
		SolutionGuid = {922D7AAF-6E74-4E52-B81E-81BA9A918B07}
	EndGlobalSection
EndGlobal
